// !$*UTF8*$!
{
	archiveVersion = 1;
	classes = {
	};
	objectVersion = 55;
	objects = {

/* Begin PBXBuildFile section */
		81785FC6288F769F00CA372E /* AppDelegate.swift in Sources */ = {isa = PBXBuildFile; fileRef = 81785FC5288F769F00CA372E /* AppDelegate.swift */; };
		81785FC8288F769F00CA372E /* SceneDelegate.swift in Sources */ = {isa = PBXBuildFile; fileRef = 81785FC7288F769F00CA372E /* SceneDelegate.swift */; };
		81785FCA288F769F00CA372E /* MessageViewController.swift in Sources */ = {isa = PBXBuildFile; fileRef = 81785FC9288F769F00CA372E /* MessageViewController.swift */; };
		81785FCD288F769F00CA372E /* Main.storyboard in Resources */ = {isa = PBXBuildFile; fileRef = 81785FCB288F769F00CA372E /* Main.storyboard */; };
		81785FCF288F76A200CA372E /* Assets.xcassets in Resources */ = {isa = PBXBuildFile; fileRef = 81785FCE288F76A200CA372E /* Assets.xcassets */; };
		81785FD2288F76A200CA372E /* LaunchScreen.storyboard in Resources */ = {isa = PBXBuildFile; fileRef = 81785FD0288F76A200CA372E /* LaunchScreen.storyboard */; };
		81785FDC288F830400CA372E /* MessageColorViewController.swift in Sources */ = {isa = PBXBuildFile; fileRef = 81785FDB288F830400CA372E /* MessageColorViewController.swift */; };
		81785FE0288F833200CA372E /* ResultViewController.swift in Sources */ = {isa = PBXBuildFile; fileRef = 81785FDF288F833200CA372E /* ResultViewController.swift */; };
		81785FE2288F833F00CA372E /* BaseViewController.swift in Sources */ = {isa = PBXBuildFile; fileRef = 81785FE1288F833F00CA372E /* BaseViewController.swift */; };
		81813D822891F1A700CCA3DD /* ScreenColorViewController.swift in Sources */ = {isa = PBXBuildFile; fileRef = 81813D812891F1A700CCA3DD /* ScreenColorViewController.swift */; };
		8191D4972890ADF100E271D9 /* PickerColorController.swift in Sources */ = {isa = PBXBuildFile; fileRef = 8191D4962890ADF100E271D9 /* PickerColorController.swift */; };
		8191D4992890BDDA00E271D9 /* Message.swift in Sources */ = {isa = PBXBuildFile; fileRef = 8191D4982890BDDA00E271D9 /* Message.swift */; };
/* End PBXBuildFile section */

/* Begin PBXFileReference section */
		81785FC2288F769F00CA372E /* Message.app */ = {isa = PBXFileReference; explicitFileType = wrapper.application; includeInIndex = 0; path = Message.app; sourceTree = BUILT_PRODUCTS_DIR; };
		81785FC5288F769F00CA372E /* AppDelegate.swift */ = {isa = PBXFileReference; lastKnownFileType = sourcecode.swift; path = AppDelegate.swift; sourceTree = "<group>"; };
		81785FC7288F769F00CA372E /* SceneDelegate.swift */ = {isa = PBXFileReference; lastKnownFileType = sourcecode.swift; path = SceneDelegate.swift; sourceTree = "<group>"; };
		81785FC9288F769F00CA372E /* MessageViewController.swift */ = {isa = PBXFileReference; lastKnownFileType = sourcecode.swift; path = MessageViewController.swift; sourceTree = "<group>"; };
		81785FCC288F769F00CA372E /* Base */ = {isa = PBXFileReference; lastKnownFileType = file.storyboard; name = Base; path = Base.lproj/Main.storyboard; sourceTree = "<group>"; };
		81785FCE288F76A200CA372E /* Assets.xcassets */ = {isa = PBXFileReference; lastKnownFileType = folder.assetcatalog; path = Assets.xcassets; sourceTree = "<group>"; };
		81785FD1288F76A200CA372E /* Base */ = {isa = PBXFileReference; lastKnownFileType = file.storyboard; name = Base; path = Base.lproj/LaunchScreen.storyboard; sourceTree = "<group>"; };
		81785FD3288F76A200CA372E /* Info.plist */ = {isa = PBXFileReference; lastKnownFileType = text.plist.xml; path = Info.plist; sourceTree = "<group>"; };
		81785FDB288F830400CA372E /* MessageColorViewController.swift */ = {isa = PBXFileReference; lastKnownFileType = sourcecode.swift; path = MessageColorViewController.swift; sourceTree = "<group>"; };
		81785FDF288F833200CA372E /* ResultViewController.swift */ = {isa = PBXFileReference; lastKnownFileType = sourcecode.swift; path = ResultViewController.swift; sourceTree = "<group>"; };
		81785FE1288F833F00CA372E /* BaseViewController.swift */ = {isa = PBXFileReference; lastKnownFileType = sourcecode.swift; path = BaseViewController.swift; sourceTree = "<group>"; };
		81813D812891F1A700CCA3DD /* ScreenColorViewController.swift */ = {isa = PBXFileReference; lastKnownFileType = sourcecode.swift; path = ScreenColorViewController.swift; sourceTree = "<group>"; };
		8191D4962890ADF100E271D9 /* PickerColorController.swift */ = {isa = PBXFileReference; lastKnownFileType = sourcecode.swift; path = PickerColorController.swift; sourceTree = "<group>"; };
		8191D4982890BDDA00E271D9 /* Message.swift */ = {isa = PBXFileReference; lastKnownFileType = sourcecode.swift; path = Message.swift; sourceTree = "<group>"; };
/* End PBXFileReference section */

/* Begin PBXFrameworksBuildPhase section */
		81785FBF288F769F00CA372E /* Frameworks */ = {
			isa = PBXFrameworksBuildPhase;
			buildActionMask = 2147483647;
			files = (
			);
			runOnlyForDeploymentPostprocessing = 0;
		};
/* End PBXFrameworksBuildPhase section */

/* Begin PBXGroup section */
		81785FB9288F769F00CA372E = {
			isa = PBXGroup;
			children = (
				81785FC4288F769F00CA372E /* Message */,
				81785FC3288F769F00CA372E /* Products */,
			);
			sourceTree = "<group>";
		};
		81785FC3288F769F00CA372E /* Products */ = {
			isa = PBXGroup;
			children = (
				81785FC2288F769F00CA372E /* Message.app */,
			);
			name = Products;
			sourceTree = "<group>";
		};
		81785FC4288F769F00CA372E /* Message */ = {
			isa = PBXGroup;
			children = (
				81785FC5288F769F00CA372E /* AppDelegate.swift */,
				81785FC7288F769F00CA372E /* SceneDelegate.swift */,
				8191D4982890BDDA00E271D9 /* Message.swift */,
				81813D812891F1A700CCA3DD /* ScreenColorViewController.swift */,
				8191D4962890ADF100E271D9 /* PickerColorController.swift */,
				81785FE1288F833F00CA372E /* BaseViewController.swift */,
				81785FDF288F833200CA372E /* ResultViewController.swift */,
				81785FDB288F830400CA372E /* MessageColorViewController.swift */,
				81785FC9288F769F00CA372E /* MessageViewController.swift */,
				81785FCB288F769F00CA372E /* Main.storyboard */,
				81785FCE288F76A200CA372E /* Assets.xcassets */,
				81785FD0288F76A200CA372E /* LaunchScreen.storyboard */,
				81785FD3288F76A200CA372E /* Info.plist */,
			);
			path = Message;
			sourceTree = "<group>";
		};
/* End PBXGroup section */

/* Begin PBXNativeTarget section */
		81785FC1288F769F00CA372E /* Message */ = {
			isa = PBXNativeTarget;
			buildConfigurationList = 81785FD6288F76A200CA372E /* Build configuration list for PBXNativeTarget "Message" */;
			buildPhases = (
				81785FBE288F769F00CA372E /* Sources */,
				81785FBF288F769F00CA372E /* Frameworks */,
				81785FC0288F769F00CA372E /* Resources */,
			);
			buildRules = (
			);
			dependencies = (
			);
			name = Message;
			productName = Message;
			productReference = 81785FC2288F769F00CA372E /* Message.app */;
			productType = "com.apple.product-type.application";
		};
/* End PBXNativeTarget section */

/* Begin PBXProject section */
		81785FBA288F769F00CA372E /* Project object */ = {
			isa = PBXProject;
			attributes = {
				BuildIndependentTargetsInParallel = 1;
				LastSwiftUpdateCheck = 1340;
				LastUpgradeCheck = 1340;
				TargetAttributes = {
					81785FC1288F769F00CA372E = {
						CreatedOnToolsVersion = 13.4.1;
					};
				};
			};
			buildConfigurationList = 81785FBD288F769F00CA372E /* Build configuration list for PBXProject "Message" */;
			compatibilityVersion = "Xcode 13.0";
			developmentRegion = en;
			hasScannedForEncodings = 0;
			knownRegions = (
				en,
				Base,
			);
			mainGroup = 81785FB9288F769F00CA372E;
			productRefGroup = 81785FC3288F769F00CA372E /* Products */;
			projectDirPath = "";
			projectRoot = "";
			targets = (
				81785FC1288F769F00CA372E /* Message */,
			);
		};
/* End PBXProject section */

/* Begin PBXResourcesBuildPhase section */
		81785FC0288F769F00CA372E /* Resources */ = {
			isa = PBXResourcesBuildPhase;
			buildActionMask = 2147483647;
			files = (
				81785FD2288F76A200CA372E /* LaunchScreen.storyboard in Resources */,
				81785FCF288F76A200CA372E /* Assets.xcassets in Resources */,
				81785FCD288F769F00CA372E /* Main.storyboard in Resources */,
			);
			runOnlyForDeploymentPostprocessing = 0;
		};
/* End PBXResourcesBuildPhase section */

/* Begin PBXSourcesBuildPhase section */
		81785FBE288F769F00CA372E /* Sources */ = {
			isa = PBXSourcesBuildPhase;
			buildActionMask = 2147483647;
			files = (
				81785FDC288F830400CA372E /* MessageColorViewController.swift in Sources */,
				81785FCA288F769F00CA372E /* MessageViewController.swift in Sources */,
				81785FC6288F769F00CA372E /* AppDelegate.swift in Sources */,
				81813D822891F1A700CCA3DD /* ScreenColorViewController.swift in Sources */,
				81785FC8288F769F00CA372E /* SceneDelegate.swift in Sources */,
				81785FE2288F833F00CA372E /* BaseViewController.swift in Sources */,
				8191D4992890BDDA00E271D9 /* Message.swift in Sources */,
				81785FE0288F833200CA372E /* ResultViewController.swift in Sources */,
				8191D4972890ADF100E271D9 /* PickerColorController.swift in Sources */,
			);
			runOnlyForDeploymentPostprocessing = 0;
		};
/* End PBXSourcesBuildPhase section */

/* Begin PBXVariantGroup section */
		81785FCB288F769F00CA372E /* Main.storyboard */ = {
			isa = PBXVariantGroup;
			children = (
				81785FCC288F769F00CA372E /* Base */,
			);
			name = Main.storyboard;
			sourceTree = "<group>";
		};
		81785FD0288F76A200CA372E /* LaunchScreen.storyboard */ = {
			isa = PBXVariantGroup;
			children = (
				81785FD1288F76A200CA372E /* Base */,
			);
			name = LaunchScreen.storyboard;
			sourceTree = "<group>";
		};
/* End PBXVariantGroup section */

/* Begin XCBuildConfiguration section */
		81785FD4288F76A200CA372E /* Debug */ = {
			isa = XCBuildConfiguration;
			buildSettings = {
				ALWAYS_SEARCH_USER_PATHS = NO;
				CLANG_ANALYZER_NONNULL = YES;
				CLANG_ANALYZER_NUMBER_OBJECT_CONVERSION = YES_AGGRESSIVE;
				CLANG_CXX_LANGUAGE_STANDARD = "gnu++17";
				CLANG_ENABLE_MODULES = YES;
				CLANG_ENABLE_OBJC_ARC = YES;
				CLANG_ENABLE_OBJC_WEAK = YES;
				CLANG_WARN_BLOCK_CAPTURE_AUTORELEASING = YES;
				CLANG_WARN_BOOL_CONVERSION = YES;
				CLANG_WARN_COMMA = YES;
				CLANG_WARN_CONSTANT_CONVERSION = YES;
				CLANG_WARN_DEPRECATED_OBJC_IMPLEMENTATIONS = YES;
				CLANG_WARN_DIRECT_OBJC_ISA_USAGE = YES_ERROR;
				CLANG_WARN_DOCUMENTATION_COMMENTS = YES;
				CLANG_WARN_EMPTY_BODY = YES;
				CLANG_WARN_ENUM_CONVERSION = YES;
				CLANG_WARN_INFINITE_RECURSION = YES;
				CLANG_WARN_INT_CONVERSION = YES;
				CLANG_WARN_NON_LITERAL_NULL_CONVERSION = YES;
				CLANG_WARN_OBJC_IMPLICIT_RETAIN_SELF = YES;
				CLANG_WARN_OBJC_LITERAL_CONVERSION = YES;
				CLANG_WARN_OBJC_ROOT_CLASS = YES_ERROR;
				CLANG_WARN_QUOTED_INCLUDE_IN_FRAMEWORK_HEADER = YES;
				CLANG_WARN_RANGE_LOOP_ANALYSIS = YES;
				CLANG_WARN_STRICT_PROTOTYPES = YES;
				CLANG_WARN_SUSPICIOUS_MOVE = YES;
				CLANG_WARN_UNGUARDED_AVAILABILITY = YES_AGGRESSIVE;
				CLANG_WARN_UNREACHABLE_CODE = YES;
				CLANG_WARN__DUPLICATE_METHOD_MATCH = YES;
				COPY_PHASE_STRIP = NO;
				DEBUG_INFORMATION_FORMAT = dwarf;
				ENABLE_STRICT_OBJC_MSGSEND = YES;
				ENABLE_TESTABILITY = YES;
				GCC_C_LANGUAGE_STANDARD = gnu11;
				GCC_DYNAMIC_NO_PIC = NO;
				GCC_NO_COMMON_BLOCKS = YES;
				GCC_OPTIMIZATION_LEVEL = 0;
				GCC_PREPROCESSOR_DEFINITIONS = (
					"DEBUG=1",
					"$(inherited)",
				);
				GCC_WARN_64_TO_32_BIT_CONVERSION = YES;
				GCC_WARN_ABOUT_RETURN_TYPE = YES_ERROR;
				GCC_WARN_UNDECLARED_SELECTOR = YES;
				GCC_WARN_UNINITIALIZED_AUTOS = YES_AGGRESSIVE;
				GCC_WARN_UNUSED_FUNCTION = YES;
				GCC_WARN_UNUSED_VARIABLE = YES;
				IPHONEOS_DEPLOYMENT_TARGET = 15.5;
				MTL_ENABLE_DEBUG_INFO = INCLUDE_SOURCE;
				MTL_FAST_MATH = YES;
				ONLY_ACTIVE_ARCH = YES;
				SDKROOT = iphoneos;
				SWIFT_ACTIVE_COMPILATION_CONDITIONS = DEBUG;
				SWIFT_OPTIMIZATION_LEVEL = "-Onone";
			};
			name = Debug;
		};
		81785FD5288F76A200CA372E /* Release */ = {
			isa = XCBuildConfiguration;
			buildSettings = {
				ALWAYS_SEARCH_USER_PATHS = NO;
				CLANG_ANALYZER_NONNULL = YES;
				CLANG_ANALYZER_NUMBER_OBJECT_CONVERSION = YES_AGGRESSIVE;
				CLANG_CXX_LANGUAGE_STANDARD = "gnu++17";
				CLANG_ENABLE_MODULES = YES;
				CLANG_ENABLE_OBJC_ARC = YES;
				CLANG_ENABLE_OBJC_WEAK = YES;
				CLANG_WARN_BLOCK_CAPTURE_AUTORELEASING = YES;
				CLANG_WARN_BOOL_CONVERSION = YES;
				CLANG_WARN_COMMA = YES;
				CLANG_WARN_CONSTANT_CONVERSION = YES;
				CLANG_WARN_DEPRECATED_OBJC_IMPLEMENTATIONS = YES;
				CLANG_WARN_DIRECT_OBJC_ISA_USAGE = YES_ERROR;
				CLANG_WARN_DOCUMENTATION_COMMENTS = YES;
				CLANG_WARN_EMPTY_BODY = YES;
				CLANG_WARN_ENUM_CONVERSION = YES;
				CLANG_WARN_INFINITE_RECURSION = YES;
				CLANG_WARN_INT_CONVERSION = YES;
				CLANG_WARN_NON_LITERAL_NULL_CONVERSION = YES;
				CLANG_WARN_OBJC_IMPLICIT_RETAIN_SELF = YES;
				CLANG_WARN_OBJC_LITERAL_CONVERSION = YES;
				CLANG_WARN_OBJC_ROOT_CLASS = YES_ERROR;
				CLANG_WARN_QUOTED_INCLUDE_IN_FRAMEWORK_HEADER = YES;
				CLANG_WARN_RANGE_LOOP_ANALYSIS = YES;
				CLANG_WARN_STRICT_PROTOTYPES = YES;
				CLANG_WARN_SUSPICIOUS_MOVE = YES;
				CLANG_WARN_UNGUARDED_AVAILABILITY = YES_AGGRESSIVE;
				CLANG_WARN_UNREACHABLE_CODE = YES;
				CLANG_WARN__DUPLICATE_METHOD_MATCH = YES;
				COPY_PHASE_STRIP = NO;
				DEBUG_INFORMATION_FORMAT = "dwarf-with-dsym";
				ENABLE_NS_ASSERTIONS = NO;
				ENABLE_STRICT_OBJC_MSGSEND = YES;
				GCC_C_LANGUAGE_STANDARD = gnu11;
				GCC_NO_COMMON_BLOCKS = YES;
				GCC_WARN_64_TO_32_BIT_CONVERSION = YES;
				GCC_WARN_ABOUT_RETURN_TYPE = YES_ERROR;
				GCC_WARN_UNDECLARED_SELECTOR = YES;
				GCC_WARN_UNINITIALIZED_AUTOS = YES_AGGRESSIVE;
				GCC_WARN_UNUSED_FUNCTION = YES;
				GCC_WARN_UNUSED_VARIABLE = YES;
				IPHONEOS_DEPLOYMENT_TARGET = 15.5;
				MTL_ENABLE_DEBUG_INFO = NO;
				MTL_FAST_MATH = YES;
				SDKROOT = iphoneos;
				SWIFT_COMPILATION_MODE = wholemodule;
				SWIFT_OPTIMIZATION_LEVEL = "-O";
				VALIDATE_PRODUCT = YES;
			};
			name = Release;
		};
		81785FD7288F76A200CA372E /* Debug */ = {
			isa = XCBuildConfiguration;
			buildSettings = {
				ASSETCATALOG_COMPILER_APPICON_NAME = AppIcon;
				ASSETCATALOG_COMPILER_GLOBAL_ACCENT_COLOR_NAME = AccentColor;
				CODE_SIGN_STYLE = Automatic;
				CURRENT_PROJECT_VERSION = 1;
				GENERATE_INFOPLIST_FILE = YES;
				INFOPLIST_FILE = Message/Info.plist;
				INFOPLIST_KEY_UIApplicationSupportsIndirectInputEvents = YES;
				INFOPLIST_KEY_UILaunchStoryboardName = LaunchScreen;
				INFOPLIST_KEY_UIMainStoryboardFile = Main;
				INFOPLIST_KEY_UISupportedInterfaceOrientations = UIInterfaceOrientationPortrait;
				INFOPLIST_KEY_UISupportedInterfaceOrientations_iPad = "UIInterfaceOrientationPortrait UIInterfaceOrientationPortraitUpsideDown UIInterfaceOrientationLandscapeLeft UIInterfaceOrientationLandscapeRight";
				INFOPLIST_KEY_UISupportedInterfaceOrientations_iPhone = "UIInterfaceOrientationPortrait UIInterfaceOrientationLandscapeLeft UIInterfaceOrientationLandscapeRight";
				LD_RUNPATH_SEARCH_PATHS = (
					"$(inherited)",
					"@executable_path/Frameworks",
				);
				MARKETING_VERSION = 1.0;
				PRODUCT_BUNDLE_IDENTIFIER = com.kvm.Message;
				PRODUCT_NAME = "$(TARGET_NAME)";
				SWIFT_EMIT_LOC_STRINGS = YES;
				SWIFT_VERSION = 5.0;
				TARGETED_DEVICE_FAMILY = 1;
			};
			name = Debug;
		};
		81785FD8288F76A200CA372E /* Release */ = {
			isa = XCBuildConfiguration;
			buildSettings = {
				ASSETCATALOG_COMPILER_APPICON_NAME = AppIcon;
				ASSETCATALOG_COMPILER_GLOBAL_ACCENT_COLOR_NAME = AccentColor;
				CODE_SIGN_STYLE = Automatic;
				CURRENT_PROJECT_VERSION = 1;
				GENERATE_INFOPLIST_FILE = YES;
				INFOPLIST_FILE = Message/Info.plist;
				INFOPLIST_KEY_UIApplicationSupportsIndirectInputEvents = YES;
				INFOPLIST_KEY_UILaunchStoryboardName = LaunchScreen;
				INFOPLIST_KEY_UIMainStoryboardFile = Main;
				INFOPLIST_KEY_UISupportedInterfaceOrientations = UIInterfaceOrientationPortrait;
				INFOPLIST_KEY_UISupportedInterfaceOrientations_iPad = "UIInterfaceOrientationPortrait UIInterfaceOrientationPortraitUpsideDown UIInterfaceOrientationLandscapeLeft UIInterfaceOrientationLandscapeRight";
				INFOPLIST_KEY_UISupportedInterfaceOrientations_iPhone = "UIInterfaceOrientationPortrait UIInterfaceOrientationLandscapeLeft UIInterfaceOrientationLandscapeRight";
				LD_RUNPATH_SEARCH_PATHS = (
					"$(inherited)",
					"@executable_path/Frameworks",
				);
				MARKETING_VERSION = 1.0;
				PRODUCT_BUNDLE_IDENTIFIER = com.kvm.Message;
				PRODUCT_NAME = "$(TARGET_NAME)";
				SWIFT_EMIT_LOC_STRINGS = YES;
				SWIFT_VERSION = 5.0;
				TARGETED_DEVICE_FAMILY = 1;
			};
			name = Release;
		};
/* End XCBuildConfiguration section */

/* Begin XCConfigurationList section */
		81785FBD288F769F00CA372E /* Build configuration list for PBXProject "Message" */ = {
			isa = XCConfigurationList;
			buildConfigurations = (
				81785FD4288F76A200CA372E /* Debug */,
				81785FD5288F76A200CA372E /* Release */,
			);
			defaultConfigurationIsVisible = 0;
			defaultConfigurationName = Release;
		};
		81785FD6288F76A200CA372E /* Build configuration list for PBXNativeTarget "Message" */ = {
			isa = XCConfigurationList;
			buildConfigurations = (
				81785FD7288F76A200CA372E /* Debug */,
				81785FD8288F76A200CA372E /* Release */,
			);
			defaultConfigurationIsVisible = 0;
			defaultConfigurationName = Release;
		};
/* End XCConfigurationList section */
	};
	rootObject = 81785FBA288F769F00CA372E /* Project object */;
}
